
Microsoft Visual Studio Solution File, Format Version 12.00
# Visual Studio Version 16
VisualStudioVersion = 16.0.28803.202
MinimumVisualStudioVersion = 10.0.40219.1
Project("{FAE04EC0-301F-11D3-BF4B-00C04F79EFBC}") = "UnitTestProject_Jan2022", "UnitTestProject_Jan2022.csproj", "{AF9E25E6-8992-4624-A20A-83F125945404}"
EndProject
Global
	GlobalSection(SolutionConfigurationPlatforms) = preSolution
		Debug|Any CPU = Debug|Any CPU
		Release|Any CPU = Release|Any CPU
	EndGlobalSection
	GlobalSection(ProjectConfigurationPlatforms) = postSolution
		{AF9E25E6-8992-4624-A20A-83F125945404}.Debug|Any CPU.ActiveCfg = Debug|Any CPU
		{AF9E25E6-8992-4624-A20A-83F125945404}.Debug|Any CPU.Build.0 = Debug|Any CPU
		{AF9E25E6-8992-4624-A20A-83F125945404}.Release|Any CPU.ActiveCfg = Release|Any CPU
		{AF9E25E6-8992-4624-A20A-83F125945404}.Release|Any CPU.Build.0 = Release|Any CPU
	EndGlobalSection
	GlobalSection(SolutionProperties) = preSolution
		HideSolutionNode = FALSE
	EndGlobalSection
	GlobalSection(ExtensibilityGlobals) = postSolution
		SolutionGuid = {8142E994-DDA4-4ED8-BB4B-F247AB006094}
	EndGlobalSection
EndGlobal
